
Microsoft Visual Studio Solution File, Format Version 12.00
# Visual Studio Version 17
VisualStudioVersion = 17.9.34728.123
MinimumVisualStudioVersion = 10.0.40219.1
Project("{8BC9CEB8-8B4A-11D0-8D11-00A0C91BC942}") = "EconomySimulationGame", "EconomySimulationGame\EconomySimulationGame.vcxproj", "{EFA41124-F0E9-4D02-B63B-992C99B1F913}"
EndProject
Global
	GlobalSection(SolutionConfigurationPlatforms) = preSolution
		Debug|x64 = Debug|x64
		Debug|x86 = Debug|x86
		Release|x64 = Release|x64
		Release|x86 = Release|x86
	EndGlobalSection
	GlobalSection(ProjectConfigurationPlatforms) = postSolution
		{EFA41124-F0E9-4D02-B63B-992C99B1F913}.Debug|x64.ActiveCfg = Debug|x64
		{EFA41124-F0E9-4D02-B63B-992C99B1F913}.Debug|x64.Build.0 = Debug|x64
		{EFA41124-F0E9-4D02-B63B-992C99B1F913}.Debug|x86.ActiveCfg = Debug|Win32
		{EFA41124-F0E9-4D02-B63B-992C99B1F913}.Debug|x86.Build.0 = Debug|Win32
		{EFA41124-F0E9-4D02-B63B-992C99B1F913}.Release|x64.ActiveCfg = Release|x64
		{EFA41124-F0E9-4D02-B63B-992C99B1F913}.Release|x64.Build.0 = Release|x64
		{EFA41124-F0E9-4D02-B63B-992C99B1F913}.Release|x86.ActiveCfg = Release|Win32
		{EFA41124-F0E9-4D02-B63B-992C99B1F913}.Release|x86.Build.0 = Release|Win32
	EndGlobalSection
	GlobalSection(SolutionProperties) = preSolution
		HideSolutionNode = FALSE
	EndGlobalSection
	GlobalSection(ExtensibilityGlobals) = postSolution
		SolutionGuid = {4D3FAABB-9F2E-40DE-BC59-C389C23D9184}
	EndGlobalSection
EndGlobal
